# This file is autogenerated, do not edit; changes may be undone by the next 'dep ensure'.


[[projects]]
  branch = "master"
  name = "github.com/MJKWoolnough/gopherjs"
  packages = ["files"]
  revision = "3b897739f95a399cb01c0629ef22c5a18fc5c686"

[[projects]]
  branch = "master"
  name = "golang.org/x/text"
  packages = [
    "encoding",
    "encoding/charmap",
    "encoding/internal",
    "encoding/internal/identifier",
    "internal/gen",
    "transform",
    "unicode/cldr"
  ]
  revision = "4e4a3210bb54bb31f6ab2cdca2edcc0b50c420c1"

[[projects]]
  branch = "master"
  name = "honnef.co/go/js/dom"
  packages = ["."]
  revision = "6a8015da13438f4de2c715e781271ab856b4b24c"

[solve-meta]
  analyzer-name = "dep"
  analyzer-version = 1
  inputs-digest = "e6f4e7ad4783f4bbc65ae061a3226159f9bfbc3629599fbf4b5836f0fa2b2b46"
  solver-name = "gps-cdcl"
  solver-version = 1
